
Microsoft Visual Studio Solution File, Format Version 12.00
# Visual Studio Version 16
VisualStudioVersion = 16.0.31515.178
MinimumVisualStudioVersion = 10.0.40219.1
Project("{9A19103F-16F7-4668-BE54-9A1E7A4F7556}") = "GoTW", "GoTW\GoTW.csproj", "{D7F6E6B0-45A2-4578-8A6E-72ADD0ADF924}"
EndProject
Project("{9A19103F-16F7-4668-BE54-9A1E7A4F7556}") = "GoTW.API", "GoTW.API\GoTW.API.csproj", "{7DB9AD70-993A-4FAF-8EDF-97E13EEDB9D4}"
EndProject
Global
	GlobalSection(SolutionConfigurationPlatforms) = preSolution
		Debug|Any CPU = Debug|Any CPU
		Release|Any CPU = Release|Any CPU
	EndGlobalSection
	GlobalSection(ProjectConfigurationPlatforms) = postSolution
		{D7F6E6B0-45A2-4578-8A6E-72ADD0ADF924}.Debug|Any CPU.ActiveCfg = Debug|Any CPU
		{D7F6E6B0-45A2-4578-8A6E-72ADD0ADF924}.Debug|Any CPU.Build.0 = Debug|Any CPU
		{D7F6E6B0-45A2-4578-8A6E-72ADD0ADF924}.Release|Any CPU.ActiveCfg = Release|Any CPU
		{D7F6E6B0-45A2-4578-8A6E-72ADD0ADF924}.Release|Any CPU.Build.0 = Release|Any CPU
		{7DB9AD70-993A-4FAF-8EDF-97E13EEDB9D4}.Debug|Any CPU.ActiveCfg = Debug|Any CPU
		{7DB9AD70-993A-4FAF-8EDF-97E13EEDB9D4}.Debug|Any CPU.Build.0 = Debug|Any CPU
		{7DB9AD70-993A-4FAF-8EDF-97E13EEDB9D4}.Release|Any CPU.ActiveCfg = Release|Any CPU
		{7DB9AD70-993A-4FAF-8EDF-97E13EEDB9D4}.Release|Any CPU.Build.0 = Release|Any CPU
	EndGlobalSection
	GlobalSection(SolutionProperties) = preSolution
		HideSolutionNode = FALSE
	EndGlobalSection
	GlobalSection(ExtensibilityGlobals) = postSolution
		SolutionGuid = {8DEBBB44-6829-457C-A748-A086649F3862}
	EndGlobalSection
EndGlobal
